
Microsoft Visual Studio Solution File, Format Version 12.00
# Visual Studio Version 17
VisualStudioVersion = 17.9.34902.65
MinimumVisualStudioVersion = 10.0.40219.1
Project("{FAE04EC0-301F-11D3-BF4B-00C04F79EFBC}") = "WpfTest", "WpfTest\WpfTest.csproj", "{01103D23-6DAA-4181-AC05-A6E2CD884B26}"
EndProject
Global
	GlobalSection(SolutionConfigurationPlatforms) = preSolution
		Debug|Any CPU = Debug|Any CPU
		Release|Any CPU = Release|Any CPU
	EndGlobalSection
	GlobalSection(ProjectConfigurationPlatforms) = postSolution
		{01103D23-6DAA-4181-AC05-A6E2CD884B26}.Debug|Any CPU.ActiveCfg = Debug|Any CPU
		{01103D23-6DAA-4181-AC05-A6E2CD884B26}.Debug|Any CPU.Build.0 = Debug|Any CPU
		{01103D23-6DAA-4181-AC05-A6E2CD884B26}.Release|Any CPU.ActiveCfg = Release|Any CPU
		{01103D23-6DAA-4181-AC05-A6E2CD884B26}.Release|Any CPU.Build.0 = Release|Any CPU
	EndGlobalSection
	GlobalSection(SolutionProperties) = preSolution
		HideSolutionNode = FALSE
	EndGlobalSection
	GlobalSection(ExtensibilityGlobals) = postSolution
		SolutionGuid = {5B8A3EE4-B077-4B76-A2F5-39B3F8DF279F}
	EndGlobalSection
EndGlobal
